
Microsoft Visual Studio Solution File, Format Version 12.00
# Visual Studio Version 17
VisualStudioVersion = 17.8.34408.163
MinimumVisualStudioVersion = 10.0.40219.1
Project("{FAE04EC0-301F-11D3-BF4B-00C04F79EFBC}") = "Mission5_NickDizes", "Mission5_NickDizes\Mission5_NickDizes.csproj", "{57DFC4BA-D7A3-4CF7-84AC-55E655B3206C}"
EndProject
Global
	GlobalSection(SolutionConfigurationPlatforms) = preSolution
		Debug|Any CPU = Debug|Any CPU
		Release|Any CPU = Release|Any CPU
	EndGlobalSection
	GlobalSection(ProjectConfigurationPlatforms) = postSolution
		{57DFC4BA-D7A3-4CF7-84AC-55E655B3206C}.Debug|Any CPU.ActiveCfg = Debug|Any CPU
		{57DFC4BA-D7A3-4CF7-84AC-55E655B3206C}.Debug|Any CPU.Build.0 = Debug|Any CPU
		{57DFC4BA-D7A3-4CF7-84AC-55E655B3206C}.Release|Any CPU.ActiveCfg = Release|Any CPU
		{57DFC4BA-D7A3-4CF7-84AC-55E655B3206C}.Release|Any CPU.Build.0 = Release|Any CPU
	EndGlobalSection
	GlobalSection(SolutionProperties) = preSolution
		HideSolutionNode = FALSE
	EndGlobalSection
	GlobalSection(ExtensibilityGlobals) = postSolution
		SolutionGuid = {7D470A1E-4981-4CEA-9E08-59C58F437335}
	EndGlobalSection
EndGlobal
